
Microsoft Visual Studio Solution File, Format Version 12.00
# Visual Studio Version 16
VisualStudioVersion = 16.0.31321.278
MinimumVisualStudioVersion = 10.0.40219.1
Project("{FAE04EC0-301F-11D3-BF4B-00C04F79EFBC}") = "hashvalue2", "hashvalue2\hashvalue2.csproj", "{12113E95-3763-4A5C-985D-3C9C80D7700F}"
EndProject
Global
	GlobalSection(SolutionConfigurationPlatforms) = preSolution
		Debug|Any CPU = Debug|Any CPU
		Release|Any CPU = Release|Any CPU
	EndGlobalSection
	GlobalSection(ProjectConfigurationPlatforms) = postSolution
		{12113E95-3763-4A5C-985D-3C9C80D7700F}.Debug|Any CPU.ActiveCfg = Debug|Any CPU
		{12113E95-3763-4A5C-985D-3C9C80D7700F}.Debug|Any CPU.Build.0 = Debug|Any CPU
		{12113E95-3763-4A5C-985D-3C9C80D7700F}.Release|Any CPU.ActiveCfg = Release|Any CPU
		{12113E95-3763-4A5C-985D-3C9C80D7700F}.Release|Any CPU.Build.0 = Release|Any CPU
	EndGlobalSection
	GlobalSection(SolutionProperties) = preSolution
		HideSolutionNode = FALSE
	EndGlobalSection
	GlobalSection(ExtensibilityGlobals) = postSolution
		SolutionGuid = {E7E592AD-240F-4869-AAD9-F89729A5C594}
	EndGlobalSection
EndGlobal
